
Microsoft Visual Studio Solution File, Format Version 12.00
# Visual Studio Version 16
VisualStudioVersion = 16.0.30709.132
MinimumVisualStudioVersion = 10.0.40219.1
Project("{9A19103F-16F7-4668-BE54-9A1E7A4F7556}") = "Opwarmers 1", "Opwarmers 1\Opwarmers 1.csproj", "{D8F61253-5ABF-4D7A-B89C-D47D1B8DA63C}"
EndProject
Project("{9A19103F-16F7-4668-BE54-9A1E7A4F7556}") = "Opwarmers van opwarmers", "Opwarmers van opwarmers\Opwarmers van opwarmers.csproj", "{910F6F95-BD19-4855-A0EF-44B993D4C5CB}"
EndProject
Project("{2150E333-8FDC-42A3-9474-1A3956D46DE8}") = "Oefeningen deel 1", "Oefeningen deel 1", "{ED031796-AEE8-48DE-A687-8C1E40568779}"
EndProject
Project("{2150E333-8FDC-42A3-9474-1A3956D46DE8}") = "Oefeningen deel 2", "Oefeningen deel 2", "{EE138944-0C47-4913-B7A7-E5CA5DB882EA}"
EndProject
Project("{2150E333-8FDC-42A3-9474-1A3956D46DE8}") = "Oefeningen deel 3", "Oefeningen deel 3", "{9403A03B-46E0-4620-BE74-17BAB298B8D0}"
EndProject
Global
	GlobalSection(SolutionConfigurationPlatforms) = preSolution
		Debug|Any CPU = Debug|Any CPU
		Release|Any CPU = Release|Any CPU
	EndGlobalSection
	GlobalSection(ProjectConfigurationPlatforms) = postSolution
		{D8F61253-5ABF-4D7A-B89C-D47D1B8DA63C}.Debug|Any CPU.ActiveCfg = Debug|Any CPU
		{D8F61253-5ABF-4D7A-B89C-D47D1B8DA63C}.Debug|Any CPU.Build.0 = Debug|Any CPU
		{D8F61253-5ABF-4D7A-B89C-D47D1B8DA63C}.Release|Any CPU.ActiveCfg = Release|Any CPU
		{D8F61253-5ABF-4D7A-B89C-D47D1B8DA63C}.Release|Any CPU.Build.0 = Release|Any CPU
		{910F6F95-BD19-4855-A0EF-44B993D4C5CB}.Debug|Any CPU.ActiveCfg = Debug|Any CPU
		{910F6F95-BD19-4855-A0EF-44B993D4C5CB}.Debug|Any CPU.Build.0 = Debug|Any CPU
		{910F6F95-BD19-4855-A0EF-44B993D4C5CB}.Release|Any CPU.ActiveCfg = Release|Any CPU
		{910F6F95-BD19-4855-A0EF-44B993D4C5CB}.Release|Any CPU.Build.0 = Release|Any CPU
	EndGlobalSection
	GlobalSection(SolutionProperties) = preSolution
		HideSolutionNode = FALSE
	EndGlobalSection
	GlobalSection(NestedProjects) = preSolution
		{D8F61253-5ABF-4D7A-B89C-D47D1B8DA63C} = {ED031796-AEE8-48DE-A687-8C1E40568779}
		{910F6F95-BD19-4855-A0EF-44B993D4C5CB} = {ED031796-AEE8-48DE-A687-8C1E40568779}
	EndGlobalSection
	GlobalSection(ExtensibilityGlobals) = postSolution
		SolutionGuid = {3CF6B138-DEFD-4C9A-BBAC-FB2D20FBD17B}
	EndGlobalSection
EndGlobal
